<?xml version="1.0" encoding="utf-8"?>
<Project ToolsVersion="4.0" xmlns="http://schemas.microsoft.com/developer/msbuild/2003">
  <ItemGroup>
    <Filter Include="Source Files">
      <UniqueIdentifier>{4FC737F1-C7A5-4376-A066-2A32D752A2FF}</UniqueIdentifier>
      <Extensions>cpp;c;cc;cxx;def;odl;idl;hpj;bat;asm;asmx</Extensions>
    </Filter>
    <Filter Include="Header Files">
      <UniqueIdentifier>{93995380-89BD-4b04-88EB-625FBE52EBFB}</UniqueIdentifier>
      <Extensions>h;hh;hpp;hxx;hm;inl;inc;xsd</Extensions>
    </Filter>
    <Filter Include="Resource Files">
      <UniqueIdentifier>{67DA6AB6-F800-4c08-8B7A-83BB121AAD01}</UniqueIdentifier>
      <Extensions>rc;ico;cur;bmp;dlg;rc2;rct;bin;rgs;gif;jpg;jpeg;jpe;resx;tiff;tif;png;wav;mfcribbon-ms</Extensions>
    </Filter>
    <Filter Include="Header Files\FixedBlockAllocator">
      <UniqueIdentifier>{6ca6f8ba-9b10-49c3-8767-fd9b74b1fdd2}</UniqueIdentifier>
    </Filter>
    <Filter Include="Source Files\FixedBlockAllocator">
      <UniqueIdentifier>{f97a427b-0ede-47c8-975a-1c02ca2f1143}</UniqueIdentifier>
    </Filter>
    <Filter Include="Header Files\DebugFunctions">
      <UniqueIdentifier>{fe5f05d1-349f-4629-b396-cb954df18058}</UniqueIdentifier>
    </Filter>
    <Filter Include="Source Files\DebugFunctions">
      <UniqueIdentifier>{1808c313-9ad2-4a50-9c4a-06e227f24877}</UniqueIdentifier>
    </Filter>
  </ItemGroup>
  <ItemGroup>
    <ClInclude Include="Code\FixedBlockAllocator\FixedBlockAllocator.h">
      <Filter>Header Files\FixedBlockAllocator</Filter>
    </ClInclude>
    <ClInclude Include="Code\FixedBlockAllocator\FixedBlockAllocator-inl.h">
      <Filter>Header Files\FixedBlockAllocator</Filter>
    </ClInclude>
    <ClInclude Include="Code\DebugFunctions\DebugFunctions.h">
      <Filter>Header Files\DebugFunctions</Filter>
    </ClInclude>
  </ItemGroup>
  <ItemGroup>
    <ClCompile Include="Code\FixedBlockAllocator\FixedBlockAllocator.cpp">
      <Filter>Source Files\FixedBlockAllocator</Filter>
    </ClCompile>
    <ClCompile Include="Code\DebugFunctions\DebugFunctions.cpp">
      <Filter>Source Files\DebugFunctions</Filter>
    </ClCompile>
  </ItemGroup>
</Project>